# THIS IS AN AUTOGENERATED FILE. DO NOT EDIT THIS FILE DIRECTLY.
# yarn lockfile v1


proxy-polyfill@^0.3.0:
  version "0.3.0"
  resolved "https://registry.yarnpkg.com/proxy-polyfill/-/proxy-polyfill-0.3.0.tgz#385c13d1402d4ae1357b6e44652d9b8d6289b0ef"
  integrity sha512-0HN+SoV3qKJ1EIIOsEybYgyTTnR26PJ0af/shBqaXLUMIg7/8PHEyQ28QfaDFwmvH77yRuLtclnERgrCq4v+xg==

redux-pender@^2.0.12:
  version "2.0.12"
  resolved "https://registry.yarnpkg.com/redux-pender/-/redux-pender-2.0.12.tgz#7738a9dae0de14688acfad325a3bbd8774f960cc"
  integrity sha512-NeZOUaq1v1zpD8Ho5L9179WKWPyGayPEjUPlTYIfLaDKd1l0qZEu06VYtSGeULrzcZIKy8/LDwj70sVvcjOGEw==
  dependencies:
    proxy-polyfill "^0.3.0"
